
Microsoft Visual Studio Solution File, Format Version 12.00
# Visual Studio 2013
VisualStudioVersion = 12.0.31101.0
MinimumVisualStudioVersion = 10.0.40219.1
Project("{8BC9CEB8-8B4A-11D0-8D11-00A0C91BC942}") = "GCN_Adapter", "GCN_Adapter\GCN_Adapter.vcxproj", "{021E1C41-10EE-4AA5-8B9F-C75394C82F25}"
EndProject
Project("{8BC9CEB8-8B4A-11D0-8D11-00A0C91BC942}") = "GCN_Adapter Package", "GCN_Adapter Package\GCN_Adapter Package.vcxproj", "{0947E926-4C9B-4C50-918A-62C739486947}"
	ProjectSection(ProjectDependencies) = postProject
		{021E1C41-10EE-4AA5-8B9F-C75394C82F25} = {021E1C41-10EE-4AA5-8B9F-C75394C82F25}
	EndProjectSection
EndProject
Project("{8BC9CEB8-8B4A-11D0-8D11-00A0C91BC942}") = "ConsoleConfiguration", "ConsoleConfiguration\ConsoleConfiguration.vcxproj", "{E29630C1-2DD4-4935-91E7-E6774FBBEE06}"
EndProject
Global
	GlobalSection(SolutionConfigurationPlatforms) = preSolution
		Debug|Win32 = Debug|Win32
		Debug|x64 = Debug|x64
		Release|Win32 = Release|Win32
		Release|x64 = Release|x64
		Win7 Debug|Win32 = Win7 Debug|Win32
		Win7 Debug|x64 = Win7 Debug|x64
		Win7 Release|Win32 = Win7 Release|Win32
		Win7 Release|x64 = Win7 Release|x64
		Win8 Debug|Win32 = Win8 Debug|Win32
		Win8 Debug|x64 = Win8 Debug|x64
		Win8 Release|Win32 = Win8 Release|Win32
		Win8 Release|x64 = Win8 Release|x64
		Win8.1 Debug|Win32 = Win8.1 Debug|Win32
		Win8.1 Debug|x64 = Win8.1 Debug|x64
		Win8.1 Release|Win32 = Win8.1 Release|Win32
		Win8.1 Release|x64 = Win8.1 Release|x64
	EndGlobalSection
	GlobalSection(ProjectConfigurationPlatforms) = postSolution
		{021E1C41-10EE-4AA5-8B9F-C75394C82F25}.Debug|Win32.ActiveCfg = Win8.1 Debug|Win32
		{021E1C41-10EE-4AA5-8B9F-C75394C82F25}.Debug|Win32.Build.0 = Win8.1 Debug|Win32
		{021E1C41-10EE-4AA5-8B9F-C75394C82F25}.Debug|x64.ActiveCfg = Win8.1 Debug|x64
		{021E1C41-10EE-4AA5-8B9F-C75394C82F25}.Debug|x64.Build.0 = Win8.1 Debug|x64
		{021E1C41-10EE-4AA5-8B9F-C75394C82F25}.Release|Win32.ActiveCfg = Win8.1 Release|Win32
		{021E1C41-10EE-4AA5-8B9F-C75394C82F25}.Release|Win32.Build.0 = Win8.1 Release|Win32
		{021E1C41-10EE-4AA5-8B9F-C75394C82F25}.Release|x64.ActiveCfg = Win8.1 Release|x64
		{021E1C41-10EE-4AA5-8B9F-C75394C82F25}.Release|x64.Build.0 = Win8.1 Release|x64
		{021E1C41-10EE-4AA5-8B9F-C75394C82F25}.Win7 Debug|Win32.ActiveCfg = Win7 Debug|Win32
		{021E1C41-10EE-4AA5-8B9F-C75394C82F25}.Win7 Debug|Win32.Build.0 = Win7 Debug|Win32
		{021E1C41-10EE-4AA5-8B9F-C75394C82F25}.Win7 Debug|Win32.Deploy.0 = Win7 Debug|Win32
		{021E1C41-10EE-4AA5-8B9F-C75394C82F25}.Win7 Debug|x64.ActiveCfg = Win7 Debug|x64
		{021E1C41-10EE-4AA5-8B9F-C75394C82F25}.Win7 Debug|x64.Build.0 = Win7 Debug|x64
		{021E1C41-10EE-4AA5-8B9F-C75394C82F25}.Win7 Release|Win32.ActiveCfg = Win7 Release|Win32
		{021E1C41-10EE-4AA5-8B9F-C75394C82F25}.Win7 Release|Win32.Build.0 = Win7 Release|Win32
		{021E1C41-10EE-4AA5-8B9F-C75394C82F25}.Win7 Release|Win32.Deploy.0 = Win7 Release|Win32
		{021E1C41-10EE-4AA5-8B9F-C75394C82F25}.Win7 Release|x64.ActiveCfg = Win7 Release|x64
		{021E1C41-10EE-4AA5-8B9F-C75394C82F25}.Win7 Release|x64.Build.0 = Win7 Release|x64
		{021E1C41-10EE-4AA5-8B9F-C75394C82F25}.Win8 Debug|Win32.ActiveCfg = Win8 Debug|Win32
		{021E1C41-10EE-4AA5-8B9F-C75394C82F25}.Win8 Debug|Win32.Build.0 = Win8 Debug|Win32
		{021E1C41-10EE-4AA5-8B9F-C75394C82F25}.Win8 Debug|Win32.Deploy.0 = Win8 Debug|Win32
		{021E1C41-10EE-4AA5-8B9F-C75394C82F25}.Win8 Debug|x64.ActiveCfg = Win8 Debug|x64
		{021E1C41-10EE-4AA5-8B9F-C75394C82F25}.Win8 Debug|x64.Build.0 = Win8 Debug|x64
		{021E1C41-10EE-4AA5-8B9F-C75394C82F25}.Win8 Release|Win32.ActiveCfg = Win8 Release|Win32
		{021E1C41-10EE-4AA5-8B9F-C75394C82F25}.Win8 Release|Win32.Build.0 = Win8 Release|Win32
		{021E1C41-10EE-4AA5-8B9F-C75394C82F25}.Win8 Release|Win32.Deploy.0 = Win8 Release|Win32
		{021E1C41-10EE-4AA5-8B9F-C75394C82F25}.Win8 Release|x64.ActiveCfg = Win8 Release|x64
		{021E1C41-10EE-4AA5-8B9F-C75394C82F25}.Win8 Release|x64.Build.0 = Win8 Release|x64
		{021E1C41-10EE-4AA5-8B9F-C75394C82F25}.Win8.1 Debug|Win32.ActiveCfg = Win8.1 Debug|Win32
		{021E1C41-10EE-4AA5-8B9F-C75394C82F25}.Win8.1 Debug|Win32.Build.0 = Win8.1 Debug|Win32
		{021E1C41-10EE-4AA5-8B9F-C75394C82F25}.Win8.1 Debug|Win32.Deploy.0 = Win8.1 Debug|Win32
		{021E1C41-10EE-4AA5-8B9F-C75394C82F25}.Win8.1 Debug|x64.ActiveCfg = Win8.1 Debug|x64
		{021E1C41-10EE-4AA5-8B9F-C75394C82F25}.Win8.1 Debug|x64.Build.0 = Win8.1 Debug|x64
		{021E1C41-10EE-4AA5-8B9F-C75394C82F25}.Win8.1 Release|Win32.ActiveCfg = Win8.1 Release|Win32
		{021E1C41-10EE-4AA5-8B9F-C75394C82F25}.Win8.1 Release|Win32.Build.0 = Win8.1 Release|Win32
		{021E1C41-10EE-4AA5-8B9F-C75394C82F25}.Win8.1 Release|Win32.Deploy.0 = Win8.1 Release|Win32
		{021E1C41-10EE-4AA5-8B9F-C75394C82F25}.Win8.1 Release|x64.ActiveCfg = Win8.1 Release|x64
		{021E1C41-10EE-4AA5-8B9F-C75394C82F25}.Win8.1 Release|x64.Build.0 = Win8.1 Release|x64
		{0947E926-4C9B-4C50-918A-62C739486947}.Debug|Win32.ActiveCfg = Win8.1 Debug|Win32
		{0947E926-4C9B-4C50-918A-62C739486947}.Debug|Win32.Build.0 = Win8.1 Debug|Win32
		{0947E926-4C9B-4C50-918A-62C739486947}.Debug|x64.ActiveCfg = Win8.1 Debug|x64
		{0947E926-4C9B-4C50-918A-62C739486947}.Debug|x64.Build.0 = Win8.1 Debug|x64
		{0947E926-4C9B-4C50-918A-62C739486947}.Release|Win32.ActiveCfg = Win8.1 Release|Win32
		{0947E926-4C9B-4C50-918A-62C739486947}.Release|Win32.Build.0 = Win8.1 Release|Win32
		{0947E926-4C9B-4C50-918A-62C739486947}.Release|x64.ActiveCfg = Win8.1 Release|x64
		{0947E926-4C9B-4C50-918A-62C739486947}.Release|x64.Build.0 = Win8.1 Release|x64
		{0947E926-4C9B-4C50-918A-62C739486947}.Win7 Debug|Win32.ActiveCfg = Win7 Debug|Win32
		{0947E926-4C9B-4C50-918A-62C739486947}.Win7 Debug|Win32.Build.0 = Win7 Debug|Win32
		{0947E926-4C9B-4C50-918A-62C739486947}.Win7 Debug|Win32.Deploy.0 = Win7 Debug|Win32
		{0947E926-4C9B-4C50-918A-62C739486947}.Win7 Debug|x64.ActiveCfg = Win7 Debug|x64
		{0947E926-4C9B-4C50-918A-62C739486947}.Win7 Debug|x64.Build.0 = Win7 Debug|x64
		{0947E926-4C9B-4C50-918A-62C739486947}.Win7 Release|Win32.ActiveCfg = Win7 Release|Win32
		{0947E926-4C9B-4C50-918A-62C739486947}.Win7 Release|Win32.Build.0 = Win7 Release|Win32
		{0947E926-4C9B-4C50-918A-62C739486947}.Win7 Release|Win32.Deploy.0 = Win7 Release|Win32
		{0947E926-4C9B-4C50-918A-62C739486947}.Win7 Release|x64.ActiveCfg = Win7 Release|x64
		{0947E926-4C9B-4C50-918A-62C739486947}.Win7 Release|x64.Build.0 = Win7 Release|x64
		{0947E926-4C9B-4C50-918A-62C739486947}.Win8 Debug|Win32.ActiveCfg = Win8 Debug|Win32
		{0947E926-4C9B-4C50-918A-62C739486947}.Win8 Debug|Win32.Build.0 = Win8 Debug|Win32
		{0947E926-4C9B-4C50-918A-62C739486947}.Win8 Debug|Win32.Deploy.0 = Win8 Debug|Win32
		{0947E926-4C9B-4C50-918A-62C739486947}.Win8 Debug|x64.ActiveCfg = Win8 Debug|x64
		{0947E926-4C9B-4C50-918A-62C739486947}.Win8 Debug|x64.Build.0 = Win8 Debug|x64
		{0947E926-4C9B-4C50-918A-62C739486947}.Win8 Release|Win32.ActiveCfg = Win8 Release|Win32
		{0947E926-4C9B-4C50-918A-62C739486947}.Win8 Release|Win32.Build.0 = Win8 Release|Win32
		{0947E926-4C9B-4C50-918A-62C739486947}.Win8 Release|Win32.Deploy.0 = Win8 Release|Win32
		{0947E926-4C9B-4C50-918A-62C739486947}.Win8 Release|x64.ActiveCfg = Win8 Release|x64
		{0947E926-4C9B-4C50-918A-62C739486947}.Win8 Release|x64.Build.0 = Win8 Release|x64
		{0947E926-4C9B-4C50-918A-62C739486947}.Win8.1 Debug|Win32.ActiveCfg = Win8.1 Debug|Win32
		{0947E926-4C9B-4C50-918A-62C739486947}.Win8.1 Debug|Win32.Build.0 = Win8.1 Debug|Win32
		{0947E926-4C9B-4C50-918A-62C739486947}.Win8.1 Debug|Win32.Deploy.0 = Win8.1 Debug|Win32
		{0947E926-4C9B-4C50-918A-62C739486947}.Win8.1 Debug|x64.ActiveCfg = Win8.1 Debug|x64
		{0947E926-4C9B-4C50-918A-62C739486947}.Win8.1 Debug|x64.Build.0 = Win8.1 Debug|x64
		{0947E926-4C9B-4C50-918A-62C739486947}.Win8.1 Release|Win32.ActiveCfg = Win8.1 Release|Win32
		{0947E926-4C9B-4C50-918A-62C739486947}.Win8.1 Release|Win32.Build.0 = Win8.1 Release|Win32
		{0947E926-4C9B-4C50-918A-62C739486947}.Win8.1 Release|Win32.Deploy.0 = Win8.1 Release|Win32
		{0947E926-4C9B-4C50-918A-62C739486947}.Win8.1 Release|x64.ActiveCfg = Win8.1 Release|x64
		{0947E926-4C9B-4C50-918A-62C739486947}.Win8.1 Release|x64.Build.0 = Win8.1 Release|x64
		{E29630C1-2DD4-4935-91E7-E6774FBBEE06}.Debug|Win32.ActiveCfg = Debug|Win32
		{E29630C1-2DD4-4935-91E7-E6774FBBEE06}.Debug|Win32.Build.0 = Debug|Win32
		{E29630C1-2DD4-4935-91E7-E6774FBBEE06}.Debug|x64.ActiveCfg = Debug|x64
		{E29630C1-2DD4-4935-91E7-E6774FBBEE06}.Debug|x64.Build.0 = Debug|x64
		{E29630C1-2DD4-4935-91E7-E6774FBBEE06}.Release|Win32.ActiveCfg = Release|Win32
		{E29630C1-2DD4-4935-91E7-E6774FBBEE06}.Release|Win32.Build.0 = Release|Win32
		{E29630C1-2DD4-4935-91E7-E6774FBBEE06}.Release|x64.ActiveCfg = Release|x64
		{E29630C1-2DD4-4935-91E7-E6774FBBEE06}.Release|x64.Build.0 = Release|x64
		{E29630C1-2DD4-4935-91E7-E6774FBBEE06}.Win7 Debug|Win32.ActiveCfg = Debug|Win32
		{E29630C1-2DD4-4935-91E7-E6774FBBEE06}.Win7 Debug|Win32.Build.0 = Debug|Win32
		{E29630C1-2DD4-4935-91E7-E6774FBBEE06}.Win7 Debug|x64.ActiveCfg = Debug|x64
		{E29630C1-2DD4-4935-91E7-E6774FBBEE06}.Win7 Debug|x64.Build.0 = Debug|x64
		{E29630C1-2DD4-4935-91E7-E6774FBBEE06}.Win7 Release|Win32.ActiveCfg = Release|Win32
		{E29630C1-2DD4-4935-91E7-E6774FBBEE06}.Win7 Release|Win32.Build.0 = Release|Win32
		{E29630C1-2DD4-4935-91E7-E6774FBBEE06}.Win7 Release|x64.ActiveCfg = Release|x64
		{E29630C1-2DD4-4935-91E7-E6774FBBEE06}.Win7 Release|x64.Build.0 = Release|x64
		{E29630C1-2DD4-4935-91E7-E6774FBBEE06}.Win8 Debug|Win32.ActiveCfg = Debug|Win32
		{E29630C1-2DD4-4935-91E7-E6774FBBEE06}.Win8 Debug|Win32.Build.0 = Debug|Win32
		{E29630C1-2DD4-4935-91E7-E6774FBBEE06}.Win8 Debug|x64.ActiveCfg = Debug|x64
		{E29630C1-2DD4-4935-91E7-E6774FBBEE06}.Win8 Debug|x64.Build.0 = Debug|x64
		{E29630C1-2DD4-4935-91E7-E6774FBBEE06}.Win8 Release|Win32.ActiveCfg = Release|Win32
		{E29630C1-2DD4-4935-91E7-E6774FBBEE06}.Win8 Release|Win32.Build.0 = Release|Win32
		{E29630C1-2DD4-4935-91E7-E6774FBBEE06}.Win8 Release|x64.ActiveCfg = Release|x64
		{E29630C1-2DD4-4935-91E7-E6774FBBEE06}.Win8 Release|x64.Build.0 = Release|x64
		{E29630C1-2DD4-4935-91E7-E6774FBBEE06}.Win8.1 Debug|Win32.ActiveCfg = Debug|Win32
		{E29630C1-2DD4-4935-91E7-E6774FBBEE06}.Win8.1 Debug|Win32.Build.0 = Debug|Win32
		{E29630C1-2DD4-4935-91E7-E6774FBBEE06}.Win8.1 Debug|x64.ActiveCfg = Debug|x64
		{E29630C1-2DD4-4935-91E7-E6774FBBEE06}.Win8.1 Debug|x64.Build.0 = Debug|x64
		{E29630C1-2DD4-4935-91E7-E6774FBBEE06}.Win8.1 Release|Win32.ActiveCfg = Release|Win32
		{E29630C1-2DD4-4935-91E7-E6774FBBEE06}.Win8.1 Release|Win32.Build.0 = Release|Win32
		{E29630C1-2DD4-4935-91E7-E6774FBBEE06}.Win8.1 Release|x64.ActiveCfg = Release|x64
		{E29630C1-2DD4-4935-91E7-E6774FBBEE06}.Win8.1 Release|x64.Build.0 = Release|x64
	EndGlobalSection
	GlobalSection(SolutionProperties) = preSolution
		HideSolutionNode = FALSE
	EndGlobalSection
EndGlobal
